# THIS IS AN AUTOGENERATED FILE. DO NOT EDIT THIS FILE DIRECTLY.
# yarn lockfile v1


convert-csv-to-json@^1.4.0:
  version "1.4.0"
  resolved "https://registry.yarnpkg.com/convert-csv-to-json/-/convert-csv-to-json-1.4.0.tgz#a453ef8ef93a4c2c35784bc3ee2e2e2af456a57e"
  integrity sha512-oIW5geW3MzNaVj8959m4Zgr2QMcnF7/ap+oIiHu47mtv8Fz1jaV643eEpZSzvTY9hfc508HRXUtEHKp1nw01Vg==
